version = 1
revision = 1
requires-python = ">=3.13"

[[package]]
name = "cython"
version = "3.0.12"
source = { registry = "https://pypi.org/simple" }
sdist = { url = "https://files.pythonhosted.org/packages/5a/25/886e197c97a4b8e254173002cdc141441e878ff29aaa7d9ba560cd6e4866/cython-3.0.12.tar.gz", hash = "sha256:b988bb297ce76c671e28c97d017b95411010f7c77fa6623dd0bb47eed1aee1bc", size = 2757617 }
wheels = [
    { url = "https://files.pythonhosted.org/packages/67/ad/550ddcb8b5a5d9949fe6606595cce36984c1d42309f1e04af98f5933a7ea/Cython-3.0.12-cp313-cp313-macosx_10_13_x86_64.whl", hash = "sha256:4ee6f1ea1bead8e6cbc4e64571505b5d8dbdb3b58e679d31f3a84160cebf1a1a", size = 3393574 },
    { url = "https://files.pythonhosted.org/packages/34/de/ade0a80bea17197662e23d39d3d3fbf89e9e99e6ad91fd95ab87120edb3a/Cython-3.0.12-cp313-cp313-manylinux_2_17_aarch64.manylinux2014_aarch64.whl", hash = "sha256:57aefa6d3341109e46ec1a13e3a763aaa2cbeb14e82af2485b318194be1d9170", size = 3367198 },
    { url = "https://files.pythonhosted.org/packages/a8/30/7f48207ea13dab46604db0dd388e807d53513ba6ad1c34462892072f8f8c/Cython-3.0.12-cp313-cp313-manylinux_2_17_x86_64.manylinux2014_x86_64.whl", hash = "sha256:879ae9023958d63c0675015369384642d0afb9c9d1f3473df9186c42f7a9d265", size = 3535849 },
    { url = "https://files.pythonhosted.org/packages/81/ab/f61c79fa14bd433a7dfd1548c5e00d9bd18b557c2f836aaece4fb1b22f34/Cython-3.0.12-cp313-cp313-manylinux_2_5_i686.manylinux1_i686.manylinux_2_17_i686.manylinux2014_i686.whl", hash = "sha256:36fcd584dae547de6f095500a380f4a0cce72b7a7e409e9ff03cb9beed6ac7a1", size = 3559079 },
    { url = "https://files.pythonhosted.org/packages/d0/d1/1dbf17061229ccd35d5c0eed659fab60c2e50d2eadfa2a5729e753b6f4d0/Cython-3.0.12-cp313-cp313-musllinux_1_2_aarch64.whl", hash = "sha256:62b79dcc0de49efe9e84b9d0e2ae0a6fc9b14691a65565da727aa2e2e63c6a28", size = 3436649 },
    { url = "https://files.pythonhosted.org/packages/2d/d4/9ce42fff6de5550f870cdde9a1482d69ea66a1249a88fa0d0df9adebfb1a/Cython-3.0.12-cp313-cp313-musllinux_1_2_x86_64.whl", hash = "sha256:4aa255781b093a8401109d8f2104bbb2e52de7639d5896aefafddc85c30e0894", size = 3644025 },
    { url = "https://files.pythonhosted.org/packages/e3/89/b0c847f9df92af3ef11281b6811c000bd6f8ce0db02e4374397f8d67f829/Cython-3.0.12-cp313-cp313-win32.whl", hash = "sha256:77d48f2d4bab9fe1236eb753d18f03e8b2619af5b6f05d51df0532a92dfb38ab", size = 2604911 },
    { url = "https://files.pythonhosted.org/packages/a6/5f/bbfaf2b5f7bf78854ecbc82f8473a3892ae5580e0c5bd0d4a82580b39ed3/Cython-3.0.12-cp313-cp313-win_amd64.whl", hash = "sha256:86c304b20bd57c727c7357e90d5ba1a2b6f1c45492de2373814d7745ef2e63b4", size = 2786786 },
    { url = "https://files.pythonhosted.org/packages/27/6b/7c87867d255cbce8167ed99fc65635e9395d2af0f0c915428f5b17ec412d/Cython-3.0.12-py2.py3-none-any.whl", hash = "sha256:0038c9bae46c459669390e53a1ec115f8096b2e4647ae007ff1bf4e6dee92806", size = 1171640 },
]

[[package]]
name = "progress-bar"
version = "0.1.0"
source = { editable = "." }
dependencies = [
    { name = "cython" },
]

[package.metadata]
requires-dist = [{ name = "cython", specifier = ">=3.0.12" }]
